{
  "version": 4,
  "terraform_version": "1.11.2",
  "serial": 112,
  "lineage": "0318fb52-9939-c79c-0be0-e216f8d844e5",
  "outputs": {},
  "resources": [
    {
      "mode": "managed",
      "type": "aws_eks_cluster",
      "name": "dev",
      "provider": "provider[\"registry.terraform.io/hashicorp/aws\"]",
      "instances": [
        {
          "schema_version": 1,
          "attributes": {
            "access_config": [
              {
                "authentication_mode": "CONFIG_MAP",
                "bootstrap_cluster_creator_admin_permissions": true
              }
            ],
            "arn": "arn:aws:eks:us-east-1:053357669317:cluster/dev",
            "bootstrap_self_managed_addons": true,
            "certificate_authority": [
              {
                "data": "LS0tLS1CRUdJTiBDRVJUSUZJQ0FURS0tLS0tCk1JSURCVENDQWUyZ0F3SUJBZ0lJY0ZIdzhtYzB2cGN3RFFZSktvWklodmNOQVFFTEJRQXdGVEVUTUJFR0ExVUUKQXhNS2EzVmlaWEp1WlhSbGN6QWVGdzB5TlRBek1qRXdNekl3TXpGYUZ3MHpOVEF6TVRrd016STFNekZhTUJVeApFekFSQmdOVkJBTVRDbXQxWW1WeWJtVjBaWE13Z2dFaU1BMEdDU3FHU0liM0RRRUJBUVVBQTRJQkR3QXdnZ0VLCkFvSUJBUUMxNWVlaVVnQXZQeTJvRXZ0bUEybE5IQXZJRHlxaFprUEQ1azVWSTVRNHF5N0VCKzBNODZBVGFEdlMKSWN4Rk4zUDRIRG4rN3VGVVBMaDJreFRqS3hPZWo4TVg4TTUzQUREL3Yya2ZlZHZUVGlSODBNWGI4U1ZlbEtEOQpxWW1kMWwwUlZlK1ZpWjl2WkJLLzhkSUhCb2tEb214QTd2ZVVoa0J4MFNVKzRyNTdOblI2dVNSOFJRdU16ZU8zCkZkUEh3OVlVVkhFZ0dHNGZ0VDB4alpuM29PSUZVYS94V3o5UDFVYW1lQUtHL29qaG02MDh3NEpnQkhIeHZWWkkKTVZMamJqekJoZE1vdnNoUmR2RFRlY1lNb3lvNXBqT1Y2N05tN2szdEVmam9HNTFJdDBldXozSkJtTWdrSlVPNQowRUlrOCs3dDJrcDhpc1FmNDVhTjllZDFFTTdqQWdNQkFBR2pXVEJYTUE0R0ExVWREd0VCL3dRRUF3SUNwREFQCkJnTlZIUk1CQWY4RUJUQURBUUgvTUIwR0ExVWREZ1FXQkJTNlFwdzVhcGJtMmp1YXFUeTVWQlQzU3p6NHd6QVYKQmdOVkhSRUVEakFNZ2dwcmRXSmxjbTVsZEdWek1BMEdDU3FHU0liM0RRRUJDd1VBQTRJQkFRQVl6ZXhMdHhIegpMN2RXbTBOM0hYUHdNUWpjMCtpRFR6ai9VRmwzNFYzdDF0eG1vYUhsc0VSU3JBY0gzbS92TTZITEZHZmp3VGdnCmFvS1Ric2N2NWRBWk5LVzMxdm4xaktkTW9pTkk0WVRHTkp3ODZ2NGx4RUpFRnVZMk5jQm15RmlCcXpjMXhEYWYKRVBjM0lIRWhVN0l5ZnNEL1pnbFFnL3dWWE9LMEsrYzdsaG5LeEk5Zm0yVlZvSExCaHRPK3pEemRrM2VWajFuRwpXYWtkeEpDS1lqOC9wU0toR2tZSEtMR2ovc3Fld0s4aGVZbUZYYkpad0hnWmZGTEdETXkwNjlqN1lSejhuQWtMClNTSVBld3hTeW9Pb1Z4VUx4ZTM3a3FlSi8rTnpocmprM0FNUVZFOFQvaHlSY002N0ZHN01GdEoxTHNFZ3NwZTgKTXZxcHdvQS9jbWtMCi0tLS0tRU5EIENFUlRJRklDQVRFLS0tLS0K"
              }
            ],
            "cluster_id": null,
            "compute_config": [],
            "created_at": "2025-03-21T03:20:50Z",
            "enabled_cluster_log_types": [
              "api",
              "audit",
              "authenticator",
              "controllerManager",
              "scheduler"
            ],
            "encryption_config": [],
            "endpoint": "https://5F6357013371838B74838A14A2175192.gr7.us-east-1.eks.amazonaws.com",
            "id": "dev",
            "identity": [
              {
                "oidc": [
                  {
                    "issuer": "https://oidc.eks.us-east-1.amazonaws.com/id/5F6357013371838B74838A14A2175192"
                  }
                ]
              }
            ],
            "kubernetes_network_config": [
              {
                "elastic_load_balancing": [
                  {
                    "enabled": false
                  }
                ],
                "ip_family": "ipv4",
                "service_ipv4_cidr": "10.100.0.0/16",
                "service_ipv6_cidr": ""
              }
            ],
            "name": "dev",
            "outpost_config": [],
            "platform_version": "eks.38",
            "remote_network_config": [],
            "role_arn": "arn:aws:iam::053357669317:role/eks-cluster-role",
            "status": "ACTIVE",
            "storage_config": [],
            "tags": {},
            "tags_all": {},
            "timeouts": null,
            "upgrade_policy": [
              {
                "support_type": "EXTENDED"
              }
            ],
            "version": "1.28",
            "vpc_config": [
              {
                "cluster_security_group_id": "sg-095a68c9c9d7da53c",
                "endpoint_private_access": true,
                "endpoint_public_access": true,
                "public_access_cidrs": [
                  "0.0.0.0/0"
                ],
                "security_group_ids": [],
                "subnet_ids": [
                  "subnet-0091026ca11deddb8",
                  "subnet-07d5e2990792a7122"
                ],
                "vpc_id": "vpc-01d65c4ac7c133c3c"
              }
            ],
            "zonal_shift_config": []
          },
          "sensitive_attributes": [],
          "private": "eyJlMmJmYjczMC1lY2FhLTExZTYtOGY4OC0zNDM2M2JjN2M0YzAiOnsiY3JlYXRlIjoxODAwMDAwMDAwMDAwLCJkZWxldGUiOjkwMDAwMDAwMDAwMCwidXBkYXRlIjozNjAwMDAwMDAwMDAwfSwic2NoZW1hX3ZlcnNpb24iOiIxIn0=",
          "dependencies": [
            "aws_iam_role.eks_cluster_role"
          ]
        }
      ]
    },
    {
      "mode": "managed",
      "type": "aws_eks_node_group",
      "name": "cluster_worker",
      "provider": "provider[\"registry.terraform.io/hashicorp/aws\"]",
      "instances": [
        {
          "schema_version": 0,
          "attributes": {
            "ami_type": "AL2_x86_64",
            "arn": "arn:aws:eks:us-east-1:053357669317:nodegroup/dev/cluster-worker/accadb60-c1cd-f8d0-1e01-8edaf20bd77f",
            "capacity_type": "ON_DEMAND",
            "cluster_name": "dev",
            "disk_size": 20,
            "force_update_version": null,
            "id": "dev:cluster-worker",
            "instance_types": [
              "t3.medium"
            ],
            "labels": {
              "arch": "x86",
              "disk": "none",
              "noderole": "spark"
            },
            "launch_template": [],
            "node_group_name": "cluster-worker",
            "node_group_name_prefix": "",
            "node_repair_config": [],
            "node_role_arn": "arn:aws:iam::053357669317:role/eks-node-role",
            "release_version": "1.28.15-20250317",
            "remote_access": [],
            "resources": [
              {
                "autoscaling_groups": [
                  {
                    "name": "eks-cluster-worker-accadb60-c1cd-f8d0-1e01-8edaf20bd77f"
                  }
                ],
                "remote_access_security_group_id": ""
              }
            ],
            "scaling_config": [
              {
                "desired_size": 2,
                "max_size": 4,
                "min_size": 2
              }
            ],
            "status": "ACTIVE",
            "subnet_ids": [
              "subnet-0091026ca11deddb8",
              "subnet-07d5e2990792a7122"
            ],
            "tags": {
              "k8s.io/cluster-autoscaler/enabled": "true",
              "k8s.io/cluster-autoscaler/experiments": "owned"
            },
            "tags_all": {
              "k8s.io/cluster-autoscaler/enabled": "true",
              "k8s.io/cluster-autoscaler/experiments": "owned"
            },
            "taint": [],
            "timeouts": null,
            "update_config": [
              {
                "max_unavailable": 1,
                "max_unavailable_percentage": 0
              }
            ],
            "version": "1.28"
          },
          "sensitive_attributes": [],
          "private": "eyJlMmJmYjczMC1lY2FhLTExZTYtOGY4OC0zNDM2M2JjN2M0YzAiOnsiY3JlYXRlIjozNjAwMDAwMDAwMDAwLCJkZWxldGUiOjM2MDAwMDAwMDAwMDAsInVwZGF0ZSI6MzYwMDAwMDAwMDAwMH19",
          "dependencies": [
            "aws_eks_cluster.dev",
            "aws_iam_role.eks_cluster_role",
            "aws_iam_role.node_role"
          ]
        }
      ]
    },
    {
      "mode": "managed",
      "type": "aws_iam_policy",
      "name": "s3_access_policy",
      "provider": "provider[\"registry.terraform.io/hashicorp/aws\"]",
      "instances": [
        {
          "schema_version": 0,
          "attributes": {
            "arn": "arn:aws:iam::053357669317:policy/S3AccessPolicy",
            "attachment_count": 1,
            "description": "Policy to allow Spark nodes to access S3",
            "id": "arn:aws:iam::053357669317:policy/S3AccessPolicy",
            "name": "S3AccessPolicy",
            "name_prefix": "",
            "path": "/",
            "policy": "{\"Statement\":[{\"Action\":[\"s3:ListBucket\",\"s3:GetObject\",\"s3:PutObject\",\"s3:DeleteObject\"],\"Effect\":\"Allow\",\"Resource\":[\"arn:aws:s3:::dataplatfrom-demo-bucket\",\"arn:aws:s3:::dataplatfrom-demo-bucket/*\"]}],\"Version\":\"2012-10-17\"}",
            "policy_id": "ANPAQY3C5NPCXYCROMWF6",
            "tags": {},
            "tags_all": {}
          },
          "sensitive_attributes": [],
          "private": "bnVsbA=="
        }
      ]
    },
    {
      "mode": "managed",
      "type": "aws_iam_policy",
      "name": "s3_dynamodb_glue_access_policy",
      "provider": "provider[\"registry.terraform.io/hashicorp/aws\"]",
      "instances": [
        {
          "schema_version": 0,
          "attributes": {
            "arn": "arn:aws:iam::053357669317:policy/S3DynamoDBGlueAccessPolicy",
            "attachment_count": 0,
            "description": "Policy to allow Spark nodes to access S3, DynamoDB, and Glue for Iceberg Glue Catalog",
            "id": "arn:aws:iam::053357669317:policy/S3DynamoDBGlueAccessPolicy",
            "name": "S3DynamoDBGlueAccessPolicy",
            "name_prefix": "",
            "path": "/",
            "policy": "{\"Statement\":[{\"Action\":[\"s3:ListBucket\",\"s3:GetObject\",\"s3:PutObject\",\"s3:DeleteObject\"],\"Effect\":\"Allow\",\"Resource\":[\"arn:aws:s3:::dataplatfrom-demo-bucket\",\"arn:aws:s3:::dataplatfrom-demo-bucket/*\"]},{\"Action\":[\"dynamodb:DescribeTable\",\"dynamodb:PutItem\",\"dynamodb:GetItem\",\"dynamodb:DeleteItem\",\"dynamodb:UpdateItem\"],\"Effect\":\"Allow\",\"Resource\":\"arn:aws:dynamodb:*:*:table/hive_glue_catalog_locks\"},{\"Action\":[\"glue:CreateDatabase\",\"glue:DeleteDatabase\",\"glue:GetDatabase\",\"glue:UpdateDatabase\",\"glue:CreateTable\",\"glue:DeleteTable\",\"glue:GetTable\",\"glue:UpdateTable\",\"glue:GetPartition\",\"glue:CreatePartition\",\"glue:DeletePartition\"],\"Effect\":\"Allow\",\"Resource\":\"arn:aws:glue:*:*:*\"}],\"Version\":\"2012-10-17\"}",
            "policy_id": "ANPAQY3C5NPCZYJFM6EZJ",
            "tags": null,
            "tags_all": {}
          },
          "sensitive_attributes": [],
          "private": "bnVsbA=="
        }
      ]
    },
    {
      "mode": "managed",
      "type": "aws_iam_role",
      "name": "eks_cluster_role",
      "provider": "provider[\"registry.terraform.io/hashicorp/aws\"]",
      "instances": [
        {
          "schema_version": 0,
          "attributes": {
            "arn": "arn:aws:iam::053357669317:role/eks-cluster-role",
            "assume_role_policy": "{\"Statement\":[{\"Action\":\"sts:AssumeRole\",\"Effect\":\"Allow\",\"Principal\":{\"Service\":\"eks.amazonaws.com\"}}],\"Version\":\"2012-10-17\"}",
            "create_date": "2025-03-21T02:48:34Z",
            "description": "",
            "force_detach_policies": false,
            "id": "eks-cluster-role",
            "inline_policy": [],
            "managed_policy_arns": [
              "arn:aws:iam::aws:policy/AmazonEKSClusterPolicy"
            ],
            "max_session_duration": 3600,
            "name": "eks-cluster-role",
            "name_prefix": "",
            "path": "/",
            "permissions_boundary": "",
            "tags": {},
            "tags_all": {},
            "unique_id": "AROAQY3C5NPCYLSZ5DBVV"
          },
          "sensitive_attributes": [],
          "private": "bnVsbA=="
        }
      ]
    },
    {
      "mode": "managed",
      "type": "aws_iam_role",
      "name": "node_role",
      "provider": "provider[\"registry.terraform.io/hashicorp/aws\"]",
      "instances": [
        {
          "schema_version": 0,
          "attributes": {
            "arn": "arn:aws:iam::053357669317:role/eks-node-role",
            "assume_role_policy": "{\"Statement\":[{\"Action\":\"sts:AssumeRole\",\"Effect\":\"Allow\",\"Principal\":{\"Service\":\"ec2.amazonaws.com\"}}],\"Version\":\"2012-10-17\"}",
            "create_date": "2025-03-21T02:48:34Z",
            "description": "",
            "force_detach_policies": false,
            "id": "eks-node-role",
            "inline_policy": [],
            "managed_policy_arns": [
              "arn:aws:iam::053357669317:policy/S3AccessPolicy",
              "arn:aws:iam::aws:policy/AmazonEC2ContainerRegistryReadOnly",
              "arn:aws:iam::aws:policy/AmazonEKSWorkerNodePolicy",
              "arn:aws:iam::aws:policy/AmazonEKS_CNI_Policy"
            ],
            "max_session_duration": 3600,
            "name": "eks-node-role",
            "name_prefix": "",
            "path": "/",
            "permissions_boundary": "",
            "tags": {},
            "tags_all": {},
            "unique_id": "AROAQY3C5NPC6LFZCYVTI"
          },
          "sensitive_attributes": [],
          "private": "bnVsbA=="
        }
      ]
    },
    {
      "mode": "managed",
      "type": "aws_iam_role_policy_attachment",
      "name": "eks_cluster_policy",
      "provider": "provider[\"registry.terraform.io/hashicorp/aws\"]",
      "instances": [
        {
          "schema_version": 0,
          "attributes": {
            "id": "eks-cluster-role-20250321024836119300000001",
            "policy_arn": "arn:aws:iam::aws:policy/AmazonEKSClusterPolicy",
            "role": "eks-cluster-role"
          },
          "sensitive_attributes": [],
          "private": "bnVsbA==",
          "dependencies": [
            "aws_iam_role.eks_cluster_role"
          ]
        }
      ]
    },
    {
      "mode": "managed",
      "type": "aws_iam_role_policy_attachment",
      "name": "node_policies",
      "provider": "provider[\"registry.terraform.io/hashicorp/aws\"]",
      "instances": [
        {
          "index_key": 0,
          "schema_version": 0,
          "attributes": {
            "id": "eks-node-role-20250321024836441200000004",
            "policy_arn": "arn:aws:iam::aws:policy/AmazonEKSWorkerNodePolicy",
            "role": "eks-node-role"
          },
          "sensitive_attributes": [],
          "private": "bnVsbA==",
          "dependencies": [
            "aws_iam_role.node_role"
          ]
        },
        {
          "index_key": 1,
          "schema_version": 0,
          "attributes": {
            "id": "eks-node-role-20250321024836281500000002",
            "policy_arn": "arn:aws:iam::aws:policy/AmazonEKS_CNI_Policy",
            "role": "eks-node-role"
          },
          "sensitive_attributes": [],
          "private": "bnVsbA==",
          "dependencies": [
            "aws_iam_role.node_role"
          ]
        },
        {
          "index_key": 2,
          "schema_version": 0,
          "attributes": {
            "id": "eks-node-role-20250321024836290700000003",
            "policy_arn": "arn:aws:iam::aws:policy/AmazonEC2ContainerRegistryReadOnly",
            "role": "eks-node-role"
          },
          "sensitive_attributes": [],
          "private": "bnVsbA==",
          "dependencies": [
            "aws_iam_role.node_role"
          ]
        }
      ]
    },
    {
      "mode": "managed",
      "type": "aws_iam_role_policy_attachment",
      "name": "s3_access_attachment",
      "provider": "provider[\"registry.terraform.io/hashicorp/aws\"]",
      "instances": [
        {
          "schema_version": 0,
          "attributes": {
            "id": "eks-node-role-20250321024836603100000005",
            "policy_arn": "arn:aws:iam::053357669317:policy/S3AccessPolicy",
            "role": "eks-node-role"
          },
          "sensitive_attributes": [],
          "private": "bnVsbA==",
          "dependencies": [
            "aws_iam_policy.s3_access_policy",
            "aws_iam_role.node_role"
          ]
        }
      ]
    },
    {
      "mode": "managed",
      "type": "aws_iam_role_policy_attachment",
      "name": "s3_dynamodb_glue_access_attachment",
      "provider": "provider[\"registry.terraform.io/hashicorp/aws\"]",
      "instances": [
        {
          "schema_version": 0,
          "attributes": {
            "id": "eks-node-role-20250321042752937000000001",
            "policy_arn": "arn:aws:iam::053357669317:policy/S3DynamoDBGlueAccessPolicy",
            "role": "eks-node-role"
          },
          "sensitive_attributes": [],
          "private": "bnVsbA==",
          "dependencies": [
            "aws_iam_policy.s3_dynamodb_glue_access_policy",
            "aws_iam_role.node_role"
          ]
        }
      ]
    }
  ],
  "check_results": null
}
